
Microsoft Visual Studio Solution File, Format Version 12.00
# Visual Studio 2013
VisualStudioVersion = 12.0.21005.1
MinimumVisualStudioVersion = 10.0.40219.1
Project("{FAE04EC0-301F-11D3-BF4B-00C04F79EFBC}") = "GIT.Winform.Controls", "GIT.Winform.Controls\GIT.Winform.Controls.csproj", "{1D7CE67E-0882-4BC2-A217-164B4C8A5A0D}"
EndProject
Project("{FAE04EC0-301F-11D3-BF4B-00C04F79EFBC}") = "GIT.WinForm.Control.Examples", "GIT.WinForm.Control.Examples\GIT.WinForm.Control.Examples.csproj", "{3B596C9E-2056-4A5C-9FE8-68F145AFFD38}"
EndProject
Global
	GlobalSection(SolutionConfigurationPlatforms) = preSolution
		Debug|Any CPU = Debug|Any CPU
		Release|Any CPU = Release|Any CPU
	EndGlobalSection
	GlobalSection(ProjectConfigurationPlatforms) = postSolution
		{1D7CE67E-0882-4BC2-A217-164B4C8A5A0D}.Debug|Any CPU.ActiveCfg = Debug|Any CPU
		{1D7CE67E-0882-4BC2-A217-164B4C8A5A0D}.Debug|Any CPU.Build.0 = Debug|Any CPU
		{1D7CE67E-0882-4BC2-A217-164B4C8A5A0D}.Release|Any CPU.ActiveCfg = Release|Any CPU
		{1D7CE67E-0882-4BC2-A217-164B4C8A5A0D}.Release|Any CPU.Build.0 = Release|Any CPU
		{3B596C9E-2056-4A5C-9FE8-68F145AFFD38}.Debug|Any CPU.ActiveCfg = Debug|Any CPU
		{3B596C9E-2056-4A5C-9FE8-68F145AFFD38}.Debug|Any CPU.Build.0 = Debug|Any CPU
		{3B596C9E-2056-4A5C-9FE8-68F145AFFD38}.Release|Any CPU.ActiveCfg = Release|Any CPU
		{3B596C9E-2056-4A5C-9FE8-68F145AFFD38}.Release|Any CPU.Build.0 = Release|Any CPU
	EndGlobalSection
	GlobalSection(SolutionProperties) = preSolution
		HideSolutionNode = FALSE
	EndGlobalSection
EndGlobal
